// !$*UTF8*$!
{
	archiveVersion = 1;
	classes = {
	};
	objectVersion = 50;
	objects = {

/* Begin PBXBuildFile section */
		107B6A8F338519945C2774A5 /* Pods_CoreData_sample2.framework in Frameworks */ = {isa = PBXBuildFile; fileRef = 3B07E4597751F2EDDF62BAB2 /* Pods_CoreData_sample2.framework */; };
		F71F531A20B6A53F00C6607D /* SampleEntityV2+CoreDataProperties.swift in Sources */ = {isa = PBXBuildFile; fileRef = F71F531920B6A53F00C6607D /* SampleEntityV2+CoreDataProperties.swift */; };
		F71F531C20B6A56100C6607D /* SampleThreadEntityV2+CoreDataProperties.swift in Sources */ = {isa = PBXBuildFile; fileRef = F71F531B20B6A56100C6607D /* SampleThreadEntityV2+CoreDataProperties.swift */; };
		F71F531E20B6A59B00C6607D /* SampleEntityV2+CoreDataClass.swift in Sources */ = {isa = PBXBuildFile; fileRef = F71F531D20B6A59B00C6607D /* SampleEntityV2+CoreDataClass.swift */; };
		F71F532020B6A5C200C6607D /* SampleThreadEntityV2+CoreDataClass.swift in Sources */ = {isa = PBXBuildFile; fileRef = F71F531F20B6A5C200C6607D /* SampleThreadEntityV2+CoreDataClass.swift */; };
		F737BA4920B58E4000004880 /* SampleThreadEntity+CoreDataClass.swift in Sources */ = {isa = PBXBuildFile; fileRef = F737BA4720B58E4000004880 /* SampleThreadEntity+CoreDataClass.swift */; };
		F737BA4A20B58E4000004880 /* SampleThreadEntity+CoreDataProperties.swift in Sources */ = {isa = PBXBuildFile; fileRef = F737BA4820B58E4000004880 /* SampleThreadEntity+CoreDataProperties.swift */; };
		F7A3C07E20B30ABA00939163 /* AppDelegate.swift in Sources */ = {isa = PBXBuildFile; fileRef = F7A3C07D20B30ABA00939163 /* AppDelegate.swift */; };
		F7A3C08020B30ABA00939163 /* ViewController.swift in Sources */ = {isa = PBXBuildFile; fileRef = F7A3C07F20B30ABA00939163 /* ViewController.swift */; };
		F7A3C08320B30ABA00939163 /* Main.storyboard in Resources */ = {isa = PBXBuildFile; fileRef = F7A3C08120B30ABA00939163 /* Main.storyboard */; };
		F7A3C08620B30ABA00939163 /* CoreData_sample2.xcdatamodeld in Sources */ = {isa = PBXBuildFile; fileRef = F7A3C08420B30ABA00939163 /* CoreData_sample2.xcdatamodeld */; };
		F7A3C08820B30ABC00939163 /* Assets.xcassets in Resources */ = {isa = PBXBuildFile; fileRef = F7A3C08720B30ABC00939163 /* Assets.xcassets */; };
		F7A3C08B20B30ABC00939163 /* LaunchScreen.storyboard in Resources */ = {isa = PBXBuildFile; fileRef = F7A3C08920B30ABC00939163 /* LaunchScreen.storyboard */; };
		F7CA526A20B3EBBD00A72D9A /* SampleEntity+CoreDataProperties.swift in Sources */ = {isa = PBXBuildFile; fileRef = F7CA526820B3EBBD00A72D9A /* SampleEntity+CoreDataProperties.swift */; };
		F7CA526B20B3EBBD00A72D9A /* SampleEntity+CoreDataClass.swift in Sources */ = {isa = PBXBuildFile; fileRef = F7CA526920B3EBBD00A72D9A /* SampleEntity+CoreDataClass.swift */; };
/* End PBXBuildFile section */

/* Begin PBXFileReference section */
		1543E952778E7741A5E0D5BC /* Pods-CoreData-sample2.debug.xcconfig */ = {isa = PBXFileReference; includeInIndex = 1; lastKnownFileType = text.xcconfig; name = "Pods-CoreData-sample2.debug.xcconfig"; path = "Pods/Target Support Files/Pods-CoreData-sample2/Pods-CoreData-sample2.debug.xcconfig"; sourceTree = "<group>"; };
		3B07E4597751F2EDDF62BAB2 /* Pods_CoreData_sample2.framework */ = {isa = PBXFileReference; explicitFileType = wrapper.framework; includeInIndex = 0; path = Pods_CoreData_sample2.framework; sourceTree = BUILT_PRODUCTS_DIR; };
		CDD5EBB2B734F316438799B0 /* Pods-CoreData-sample2.release.xcconfig */ = {isa = PBXFileReference; includeInIndex = 1; lastKnownFileType = text.xcconfig; name = "Pods-CoreData-sample2.release.xcconfig"; path = "Pods/Target Support Files/Pods-CoreData-sample2/Pods-CoreData-sample2.release.xcconfig"; sourceTree = "<group>"; };
		F71F531920B6A53F00C6607D /* SampleEntityV2+CoreDataProperties.swift */ = {isa = PBXFileReference; fileEncoding = 4; lastKnownFileType = sourcecode.swift; path = "SampleEntityV2+CoreDataProperties.swift"; sourceTree = "<group>"; };
		F71F531B20B6A56100C6607D /* SampleThreadEntityV2+CoreDataProperties.swift */ = {isa = PBXFileReference; fileEncoding = 4; lastKnownFileType = sourcecode.swift; path = "SampleThreadEntityV2+CoreDataProperties.swift"; sourceTree = "<group>"; };
		F71F531D20B6A59B00C6607D /* SampleEntityV2+CoreDataClass.swift */ = {isa = PBXFileReference; fileEncoding = 4; lastKnownFileType = sourcecode.swift; path = "SampleEntityV2+CoreDataClass.swift"; sourceTree = "<group>"; };
		F71F531F20B6A5C200C6607D /* SampleThreadEntityV2+CoreDataClass.swift */ = {isa = PBXFileReference; fileEncoding = 4; lastKnownFileType = sourcecode.swift; path = "SampleThreadEntityV2+CoreDataClass.swift"; sourceTree = "<group>"; };
		F737BA4620B58DCB00004880 /* CoreData_sample2v2.xcdatamodel */ = {isa = PBXFileReference; lastKnownFileType = wrapper.xcdatamodel; path = CoreData_sample2v2.xcdatamodel; sourceTree = "<group>"; };
		F737BA4720B58E4000004880 /* SampleThreadEntity+CoreDataClass.swift */ = {isa = PBXFileReference; lastKnownFileType = sourcecode.swift; name = "SampleThreadEntity+CoreDataClass.swift"; path = "/Users/keisuke/Git/CoreData-sample2/CoreData-sample2/SampleThreadEntity+CoreDataClass.swift"; sourceTree = "<absolute>"; };
		F737BA4820B58E4000004880 /* SampleThreadEntity+CoreDataProperties.swift */ = {isa = PBXFileReference; lastKnownFileType = sourcecode.swift; name = "SampleThreadEntity+CoreDataProperties.swift"; path = "/Users/keisuke/Git/CoreData-sample2/CoreData-sample2/SampleThreadEntity+CoreDataProperties.swift"; sourceTree = "<absolute>"; };
		F7A3C07A20B30ABA00939163 /* CoreData-sample2.app */ = {isa = PBXFileReference; explicitFileType = wrapper.application; includeInIndex = 0; path = "CoreData-sample2.app"; sourceTree = BUILT_PRODUCTS_DIR; };
		F7A3C07D20B30ABA00939163 /* AppDelegate.swift */ = {isa = PBXFileReference; lastKnownFileType = sourcecode.swift; path = AppDelegate.swift; sourceTree = "<group>"; };
		F7A3C07F20B30ABA00939163 /* ViewController.swift */ = {isa = PBXFileReference; lastKnownFileType = sourcecode.swift; path = ViewController.swift; sourceTree = "<group>"; };
		F7A3C08220B30ABA00939163 /* Base */ = {isa = PBXFileReference; lastKnownFileType = file.storyboard; name = Base; path = Base.lproj/Main.storyboard; sourceTree = "<group>"; };
		F7A3C08520B30ABA00939163 /* CoreData_sample2.xcdatamodel */ = {isa = PBXFileReference; lastKnownFileType = wrapper.xcdatamodel; path = CoreData_sample2.xcdatamodel; sourceTree = "<group>"; };
		F7A3C08720B30ABC00939163 /* Assets.xcassets */ = {isa = PBXFileReference; lastKnownFileType = folder.assetcatalog; path = Assets.xcassets; sourceTree = "<group>"; };
		F7A3C08A20B30ABC00939163 /* Base */ = {isa = PBXFileReference; lastKnownFileType = file.storyboard; name = Base; path = Base.lproj/LaunchScreen.storyboard; sourceTree = "<group>"; };
		F7A3C08C20B30ABC00939163 /* Info.plist */ = {isa = PBXFileReference; lastKnownFileType = text.plist.xml; path = Info.plist; sourceTree = "<group>"; };
		F7CA526820B3EBBD00A72D9A /* SampleEntity+CoreDataProperties.swift */ = {isa = PBXFileReference; lastKnownFileType = sourcecode.swift; name = "SampleEntity+CoreDataProperties.swift"; path = "/Users/keisuke/Git/CoreData-sample2/CoreData-sample2/SampleEntity+CoreDataProperties.swift"; sourceTree = "<absolute>"; };
		F7CA526920B3EBBD00A72D9A /* SampleEntity+CoreDataClass.swift */ = {isa = PBXFileReference; lastKnownFileType = sourcecode.swift; name = "SampleEntity+CoreDataClass.swift"; path = "/Users/keisuke/Git/CoreData-sample2/CoreData-sample2/SampleEntity+CoreDataClass.swift"; sourceTree = "<absolute>"; };
/* End PBXFileReference section */

/* Begin PBXFrameworksBuildPhase section */
		F7A3C07720B30ABA00939163 /* Frameworks */ = {
			isa = PBXFrameworksBuildPhase;
			buildActionMask = 2147483647;
			files = (
				107B6A8F338519945C2774A5 /* Pods_CoreData_sample2.framework in Frameworks */,
			);
			runOnlyForDeploymentPostprocessing = 0;
		};
/* End PBXFrameworksBuildPhase section */

/* Begin PBXGroup section */
		7AFEA0D7121D69D65F5DB9CA /* Pods */ = {
			isa = PBXGroup;
			children = (
				1543E952778E7741A5E0D5BC /* Pods-CoreData-sample2.debug.xcconfig */,
				CDD5EBB2B734F316438799B0 /* Pods-CoreData-sample2.release.xcconfig */,
			);
			name = Pods;
			sourceTree = "<group>";
		};
		986785FB13D933C7E0F2E296 /* Frameworks */ = {
			isa = PBXGroup;
			children = (
				3B07E4597751F2EDDF62BAB2 /* Pods_CoreData_sample2.framework */,
			);
			name = Frameworks;
			sourceTree = "<group>";
		};
		F737BA4520B58CE200004880 /* New Group */ = {
			isa = PBXGroup;
			children = (
				F7A3C08420B30ABA00939163 /* CoreData_sample2.xcdatamodeld */,
			);
			path = "New Group";
			sourceTree = "<group>";
		};
		F7A3C07120B30ABA00939163 = {
			isa = PBXGroup;
			children = (
				F7A3C07C20B30ABA00939163 /* CoreData-sample2 */,
				F7A3C07B20B30ABA00939163 /* Products */,
				7AFEA0D7121D69D65F5DB9CA /* Pods */,
				986785FB13D933C7E0F2E296 /* Frameworks */,
			);
			sourceTree = "<group>";
		};
		F7A3C07B20B30ABA00939163 /* Products */ = {
			isa = PBXGroup;
			children = (
				F7A3C07A20B30ABA00939163 /* CoreData-sample2.app */,
			);
			name = Products;
			sourceTree = "<group>";
		};
		F7A3C07C20B30ABA00939163 /* CoreData-sample2 */ = {
			isa = PBXGroup;
			children = (
				F7CA526920B3EBBD00A72D9A /* SampleEntity+CoreDataClass.swift */,
				F7CA526820B3EBBD00A72D9A /* SampleEntity+CoreDataProperties.swift */,
				F71F531D20B6A59B00C6607D /* SampleEntityV2+CoreDataClass.swift */,
				F71F531920B6A53F00C6607D /* SampleEntityV2+CoreDataProperties.swift */,
				F737BA4720B58E4000004880 /* SampleThreadEntity+CoreDataClass.swift */,
				F737BA4820B58E4000004880 /* SampleThreadEntity+CoreDataProperties.swift */,
				F71F531F20B6A5C200C6607D /* SampleThreadEntityV2+CoreDataClass.swift */,
				F71F531B20B6A56100C6607D /* SampleThreadEntityV2+CoreDataProperties.swift */,
				F7A3C07D20B30ABA00939163 /* AppDelegate.swift */,
				F7A3C07F20B30ABA00939163 /* ViewController.swift */,
				F7A3C08120B30ABA00939163 /* Main.storyboard */,
				F7A3C08720B30ABC00939163 /* Assets.xcassets */,
				F7A3C08920B30ABC00939163 /* LaunchScreen.storyboard */,
				F7A3C08C20B30ABC00939163 /* Info.plist */,
				F737BA4520B58CE200004880 /* New Group */,
			);
			path = "CoreData-sample2";
			sourceTree = "<group>";
		};
/* End PBXGroup section */

/* Begin PBXNativeTarget section */
		F7A3C07920B30ABA00939163 /* CoreData-sample2 */ = {
			isa = PBXNativeTarget;
			buildConfigurationList = F7A3C08F20B30ABC00939163 /* Build configuration list for PBXNativeTarget "CoreData-sample2" */;
			buildPhases = (
				4A4B812E96625B8D49EFFC63 /* [CP] Check Pods Manifest.lock */,
				F7A3C07620B30ABA00939163 /* Sources */,
				F7A3C07720B30ABA00939163 /* Frameworks */,
				F7A3C07820B30ABA00939163 /* Resources */,
				54731F696089FCA8BFFE6E37 /* [CP] Embed Pods Frameworks */,
			);
			buildRules = (
			);
			dependencies = (
			);
			name = "CoreData-sample2";
			productName = "CoreData-sample2";
			productReference = F7A3C07A20B30ABA00939163 /* CoreData-sample2.app */;
			productType = "com.apple.product-type.application";
		};
/* End PBXNativeTarget section */

/* Begin PBXProject section */
		F7A3C07220B30ABA00939163 /* Project object */ = {
			isa = PBXProject;
			attributes = {
				LastSwiftUpdateCheck = 0930;
				LastUpgradeCheck = 0930;
				ORGANIZATIONNAME = "Keisuke Yamaguchi";
				TargetAttributes = {
					F7A3C07920B30ABA00939163 = {
						CreatedOnToolsVersion = 9.3.1;
					};
				};
			};
			buildConfigurationList = F7A3C07520B30ABA00939163 /* Build configuration list for PBXProject "CoreData-sample2" */;
			compatibilityVersion = "Xcode 9.3";
			developmentRegion = en;
			hasScannedForEncodings = 0;
			knownRegions = (
				en,
				Base,
			);
			mainGroup = F7A3C07120B30ABA00939163;
			productRefGroup = F7A3C07B20B30ABA00939163 /* Products */;
			projectDirPath = "";
			projectRoot = "";
			targets = (
				F7A3C07920B30ABA00939163 /* CoreData-sample2 */,
			);
		};
/* End PBXProject section */

/* Begin PBXResourcesBuildPhase section */
		F7A3C07820B30ABA00939163 /* Resources */ = {
			isa = PBXResourcesBuildPhase;
			buildActionMask = 2147483647;
			files = (
				F7A3C08B20B30ABC00939163 /* LaunchScreen.storyboard in Resources */,
				F7A3C08820B30ABC00939163 /* Assets.xcassets in Resources */,
				F7A3C08320B30ABA00939163 /* Main.storyboard in Resources */,
			);
			runOnlyForDeploymentPostprocessing = 0;
		};
/* End PBXResourcesBuildPhase section */

/* Begin PBXShellScriptBuildPhase section */
		4A4B812E96625B8D49EFFC63 /* [CP] Check Pods Manifest.lock */ = {
			isa = PBXShellScriptBuildPhase;
			buildActionMask = 2147483647;
			files = (
			);
			inputPaths = (
				"${PODS_PODFILE_DIR_PATH}/Podfile.lock",
				"${PODS_ROOT}/Manifest.lock",
			);
			name = "[CP] Check Pods Manifest.lock";
			outputPaths = (
				"$(DERIVED_FILE_DIR)/Pods-CoreData-sample2-checkManifestLockResult.txt",
			);
			runOnlyForDeploymentPostprocessing = 0;
			shellPath = /bin/sh;
			shellScript = "diff \"${PODS_PODFILE_DIR_PATH}/Podfile.lock\" \"${PODS_ROOT}/Manifest.lock\" > /dev/null\nif [ $? != 0 ] ; then\n    # print error to STDERR\n    echo \"error: The sandbox is not in sync with the Podfile.lock. Run 'pod install' or update your CocoaPods installation.\" >&2\n    exit 1\nfi\n# This output is used by Xcode 'outputs' to avoid re-running this script phase.\necho \"SUCCESS\" > \"${SCRIPT_OUTPUT_FILE_0}\"\n";
			showEnvVarsInLog = 0;
		};
		54731F696089FCA8BFFE6E37 /* [CP] Embed Pods Frameworks */ = {
			isa = PBXShellScriptBuildPhase;
			buildActionMask = 2147483647;
			files = (
			);
			inputPaths = (
				"${SRCROOT}/Pods/Target Support Files/Pods-CoreData-sample2/Pods-CoreData-sample2-frameworks.sh",
				"${BUILT_PRODUCTS_DIR}/CoreStore/CoreStore.framework",
			);
			name = "[CP] Embed Pods Frameworks";
			outputPaths = (
				"${TARGET_BUILD_DIR}/${FRAMEWORKS_FOLDER_PATH}/CoreStore.framework",
			);
			runOnlyForDeploymentPostprocessing = 0;
			shellPath = /bin/sh;
			shellScript = "\"${SRCROOT}/Pods/Target Support Files/Pods-CoreData-sample2/Pods-CoreData-sample2-frameworks.sh\"\n";
			showEnvVarsInLog = 0;
		};
/* End PBXShellScriptBuildPhase section */

/* Begin PBXSourcesBuildPhase section */
		F7A3C07620B30ABA00939163 /* Sources */ = {
			isa = PBXSourcesBuildPhase;
			buildActionMask = 2147483647;
			files = (
				F7A3C08020B30ABA00939163 /* ViewController.swift in Sources */,
				F7A3C07E20B30ABA00939163 /* AppDelegate.swift in Sources */,
				F737BA4A20B58E4000004880 /* SampleThreadEntity+CoreDataProperties.swift in Sources */,
				F737BA4920B58E4000004880 /* SampleThreadEntity+CoreDataClass.swift in Sources */,
				F71F531E20B6A59B00C6607D /* SampleEntityV2+CoreDataClass.swift in Sources */,
				F71F532020B6A5C200C6607D /* SampleThreadEntityV2+CoreDataClass.swift in Sources */,
				F71F531A20B6A53F00C6607D /* SampleEntityV2+CoreDataProperties.swift in Sources */,
				F7CA526A20B3EBBD00A72D9A /* SampleEntity+CoreDataProperties.swift in Sources */,
				F7CA526B20B3EBBD00A72D9A /* SampleEntity+CoreDataClass.swift in Sources */,
				F71F531C20B6A56100C6607D /* SampleThreadEntityV2+CoreDataProperties.swift in Sources */,
				F7A3C08620B30ABA00939163 /* CoreData_sample2.xcdatamodeld in Sources */,
			);
			runOnlyForDeploymentPostprocessing = 0;
		};
/* End PBXSourcesBuildPhase section */

/* Begin PBXVariantGroup section */
		F7A3C08120B30ABA00939163 /* Main.storyboard */ = {
			isa = PBXVariantGroup;
			children = (
				F7A3C08220B30ABA00939163 /* Base */,
			);
			name = Main.storyboard;
			sourceTree = "<group>";
		};
		F7A3C08920B30ABC00939163 /* LaunchScreen.storyboard */ = {
			isa = PBXVariantGroup;
			children = (
				F7A3C08A20B30ABC00939163 /* Base */,
			);
			name = LaunchScreen.storyboard;
			sourceTree = "<group>";
		};
/* End PBXVariantGroup section */

/* Begin XCBuildConfiguration section */
		F7A3C08D20B30ABC00939163 /* Debug */ = {
			isa = XCBuildConfiguration;
			buildSettings = {
				ALWAYS_SEARCH_USER_PATHS = NO;
				CLANG_ANALYZER_NONNULL = YES;
				CLANG_ANALYZER_NUMBER_OBJECT_CONVERSION = YES_AGGRESSIVE;
				CLANG_CXX_LANGUAGE_STANDARD = "gnu++14";
				CLANG_CXX_LIBRARY = "libc++";
				CLANG_ENABLE_MODULES = YES;
				CLANG_ENABLE_OBJC_ARC = YES;
				CLANG_ENABLE_OBJC_WEAK = YES;
				CLANG_WARN_BLOCK_CAPTURE_AUTORELEASING = YES;
				CLANG_WARN_BOOL_CONVERSION = YES;
				CLANG_WARN_COMMA = YES;
				CLANG_WARN_CONSTANT_CONVERSION = YES;
				CLANG_WARN_DEPRECATED_OBJC_IMPLEMENTATIONS = YES;
				CLANG_WARN_DIRECT_OBJC_ISA_USAGE = YES_ERROR;
				CLANG_WARN_DOCUMENTATION_COMMENTS = YES;
				CLANG_WARN_EMPTY_BODY = YES;
				CLANG_WARN_ENUM_CONVERSION = YES;
				CLANG_WARN_INFINITE_RECURSION = YES;
				CLANG_WARN_INT_CONVERSION = YES;
				CLANG_WARN_NON_LITERAL_NULL_CONVERSION = YES;
				CLANG_WARN_OBJC_IMPLICIT_RETAIN_SELF = YES;
				CLANG_WARN_OBJC_LITERAL_CONVERSION = YES;
				CLANG_WARN_OBJC_ROOT_CLASS = YES_ERROR;
				CLANG_WARN_RANGE_LOOP_ANALYSIS = YES;
				CLANG_WARN_STRICT_PROTOTYPES = YES;
				CLANG_WARN_SUSPICIOUS_MOVE = YES;
				CLANG_WARN_UNGUARDED_AVAILABILITY = YES_AGGRESSIVE;
				CLANG_WARN_UNREACHABLE_CODE = YES;
				CLANG_WARN__DUPLICATE_METHOD_MATCH = YES;
				CODE_SIGN_IDENTITY = "iPhone Developer";
				COPY_PHASE_STRIP = NO;
				DEBUG_INFORMATION_FORMAT = dwarf;
				ENABLE_STRICT_OBJC_MSGSEND = YES;
				ENABLE_TESTABILITY = YES;
				GCC_C_LANGUAGE_STANDARD = gnu11;
				GCC_DYNAMIC_NO_PIC = NO;
				GCC_NO_COMMON_BLOCKS = YES;
				GCC_OPTIMIZATION_LEVEL = 0;
				GCC_PREPROCESSOR_DEFINITIONS = (
					"DEBUG=1",
					"$(inherited)",
				);
				GCC_WARN_64_TO_32_BIT_CONVERSION = YES;
				GCC_WARN_ABOUT_RETURN_TYPE = YES_ERROR;
				GCC_WARN_UNDECLARED_SELECTOR = YES;
				GCC_WARN_UNINITIALIZED_AUTOS = YES_AGGRESSIVE;
				GCC_WARN_UNUSED_FUNCTION = YES;
				GCC_WARN_UNUSED_VARIABLE = YES;
				IPHONEOS_DEPLOYMENT_TARGET = 11.3;
				MTL_ENABLE_DEBUG_INFO = YES;
				ONLY_ACTIVE_ARCH = YES;
				SDKROOT = iphoneos;
				SWIFT_ACTIVE_COMPILATION_CONDITIONS = DEBUG;
				SWIFT_OPTIMIZATION_LEVEL = "-Onone";
			};
			name = Debug;
		};
		F7A3C08E20B30ABC00939163 /* Release */ = {
			isa = XCBuildConfiguration;
			buildSettings = {
				ALWAYS_SEARCH_USER_PATHS = NO;
				CLANG_ANALYZER_NONNULL = YES;
				CLANG_ANALYZER_NUMBER_OBJECT_CONVERSION = YES_AGGRESSIVE;
				CLANG_CXX_LANGUAGE_STANDARD = "gnu++14";
				CLANG_CXX_LIBRARY = "libc++";
				CLANG_ENABLE_MODULES = YES;
				CLANG_ENABLE_OBJC_ARC = YES;
				CLANG_ENABLE_OBJC_WEAK = YES;
				CLANG_WARN_BLOCK_CAPTURE_AUTORELEASING = YES;
				CLANG_WARN_BOOL_CONVERSION = YES;
				CLANG_WARN_COMMA = YES;
				CLANG_WARN_CONSTANT_CONVERSION = YES;
				CLANG_WARN_DEPRECATED_OBJC_IMPLEMENTATIONS = YES;
				CLANG_WARN_DIRECT_OBJC_ISA_USAGE = YES_ERROR;
				CLANG_WARN_DOCUMENTATION_COMMENTS = YES;
				CLANG_WARN_EMPTY_BODY = YES;
				CLANG_WARN_ENUM_CONVERSION = YES;
				CLANG_WARN_INFINITE_RECURSION = YES;
				CLANG_WARN_INT_CONVERSION = YES;
				CLANG_WARN_NON_LITERAL_NULL_CONVERSION = YES;
				CLANG_WARN_OBJC_IMPLICIT_RETAIN_SELF = YES;
				CLANG_WARN_OBJC_LITERAL_CONVERSION = YES;
				CLANG_WARN_OBJC_ROOT_CLASS = YES_ERROR;
				CLANG_WARN_RANGE_LOOP_ANALYSIS = YES;
				CLANG_WARN_STRICT_PROTOTYPES = YES;
				CLANG_WARN_SUSPICIOUS_MOVE = YES;
				CLANG_WARN_UNGUARDED_AVAILABILITY = YES_AGGRESSIVE;
				CLANG_WARN_UNREACHABLE_CODE = YES;
				CLANG_WARN__DUPLICATE_METHOD_MATCH = YES;
				CODE_SIGN_IDENTITY = "iPhone Developer";
				COPY_PHASE_STRIP = NO;
				DEBUG_INFORMATION_FORMAT = "dwarf-with-dsym";
				ENABLE_NS_ASSERTIONS = NO;
				ENABLE_STRICT_OBJC_MSGSEND = YES;
				GCC_C_LANGUAGE_STANDARD = gnu11;
				GCC_NO_COMMON_BLOCKS = YES;
				GCC_WARN_64_TO_32_BIT_CONVERSION = YES;
				GCC_WARN_ABOUT_RETURN_TYPE = YES_ERROR;
				GCC_WARN_UNDECLARED_SELECTOR = YES;
				GCC_WARN_UNINITIALIZED_AUTOS = YES_AGGRESSIVE;
				GCC_WARN_UNUSED_FUNCTION = YES;
				GCC_WARN_UNUSED_VARIABLE = YES;
				IPHONEOS_DEPLOYMENT_TARGET = 11.3;
				MTL_ENABLE_DEBUG_INFO = NO;
				SDKROOT = iphoneos;
				SWIFT_COMPILATION_MODE = wholemodule;
				SWIFT_OPTIMIZATION_LEVEL = "-O";
				VALIDATE_PRODUCT = YES;
			};
			name = Release;
		};
		F7A3C09020B30ABC00939163 /* Debug */ = {
			isa = XCBuildConfiguration;
			baseConfigurationReference = 1543E952778E7741A5E0D5BC /* Pods-CoreData-sample2.debug.xcconfig */;
			buildSettings = {
				ASSETCATALOG_COMPILER_APPICON_NAME = AppIcon;
				CODE_SIGN_STYLE = Automatic;
				DEVELOPMENT_TEAM = MDMPAYT2DT;
				INFOPLIST_FILE = "CoreData-sample2/Info.plist";
				LD_RUNPATH_SEARCH_PATHS = (
					"$(inherited)",
					"@executable_path/Frameworks",
				);
				PRODUCT_BUNDLE_IDENTIFIER = "keisuke.yamaguti.coredata-sample2.CoreData-sample2";
				PRODUCT_NAME = "$(TARGET_NAME)";
				SWIFT_VERSION = 4.0;
				TARGETED_DEVICE_FAMILY = "1,2";
			};
			name = Debug;
		};
		F7A3C09120B30ABC00939163 /* Release */ = {
			isa = XCBuildConfiguration;
			baseConfigurationReference = CDD5EBB2B734F316438799B0 /* Pods-CoreData-sample2.release.xcconfig */;
			buildSettings = {
				ASSETCATALOG_COMPILER_APPICON_NAME = AppIcon;
				CODE_SIGN_STYLE = Automatic;
				DEVELOPMENT_TEAM = MDMPAYT2DT;
				INFOPLIST_FILE = "CoreData-sample2/Info.plist";
				LD_RUNPATH_SEARCH_PATHS = (
					"$(inherited)",
					"@executable_path/Frameworks",
				);
				PRODUCT_BUNDLE_IDENTIFIER = "keisuke.yamaguti.coredata-sample2.CoreData-sample2";
				PRODUCT_NAME = "$(TARGET_NAME)";
				SWIFT_VERSION = 4.0;
				TARGETED_DEVICE_FAMILY = "1,2";
			};
			name = Release;
		};
/* End XCBuildConfiguration section */

/* Begin XCConfigurationList section */
		F7A3C07520B30ABA00939163 /* Build configuration list for PBXProject "CoreData-sample2" */ = {
			isa = XCConfigurationList;
			buildConfigurations = (
				F7A3C08D20B30ABC00939163 /* Debug */,
				F7A3C08E20B30ABC00939163 /* Release */,
			);
			defaultConfigurationIsVisible = 0;
			defaultConfigurationName = Release;
		};
		F7A3C08F20B30ABC00939163 /* Build configuration list for PBXNativeTarget "CoreData-sample2" */ = {
			isa = XCConfigurationList;
			buildConfigurations = (
				F7A3C09020B30ABC00939163 /* Debug */,
				F7A3C09120B30ABC00939163 /* Release */,
			);
			defaultConfigurationIsVisible = 0;
			defaultConfigurationName = Release;
		};
/* End XCConfigurationList section */

/* Begin XCVersionGroup section */
		F7A3C08420B30ABA00939163 /* CoreData_sample2.xcdatamodeld */ = {
			isa = XCVersionGroup;
			children = (
				F737BA4620B58DCB00004880 /* CoreData_sample2v2.xcdatamodel */,
				F7A3C08520B30ABA00939163 /* CoreData_sample2.xcdatamodel */,
			);
			currentVersion = F737BA4620B58DCB00004880 /* CoreData_sample2v2.xcdatamodel */;
			path = CoreData_sample2.xcdatamodeld;
			sourceTree = "<group>";
			versionGroupType = wrapper.xcdatamodel;
		};
/* End XCVersionGroup section */
	};
	rootObject = F7A3C07220B30ABA00939163 /* Project object */;
}
